
Microsoft Visual Studio Solution File, Format Version 12.00
# Visual Studio 14
VisualStudioVersion = 14.0.25420.1
MinimumVisualStudioVersion = 10.0.40219.1
Project("{FAE04EC0-301F-11D3-BF4B-00C04F79EFBC}") = "lab1_2", "lab1_2\lab1_2.csproj", "{05722F9A-3AEA-47B5-90EC-A9AC294E5D9A}"
EndProject
Global
	GlobalSection(SolutionConfigurationPlatforms) = preSolution
		Debug|Any CPU = Debug|Any CPU
		Release|Any CPU = Release|Any CPU
	EndGlobalSection
	GlobalSection(ProjectConfigurationPlatforms) = postSolution
		{05722F9A-3AEA-47B5-90EC-A9AC294E5D9A}.Debug|Any CPU.ActiveCfg = Debug|Any CPU
		{05722F9A-3AEA-47B5-90EC-A9AC294E5D9A}.Debug|Any CPU.Build.0 = Debug|Any CPU
		{05722F9A-3AEA-47B5-90EC-A9AC294E5D9A}.Release|Any CPU.ActiveCfg = Release|Any CPU
		{05722F9A-3AEA-47B5-90EC-A9AC294E5D9A}.Release|Any CPU.Build.0 = Release|Any CPU
	EndGlobalSection
	GlobalSection(SolutionProperties) = preSolution
		HideSolutionNode = FALSE
	EndGlobalSection
EndGlobal
